
Microsoft Visual Studio Solution File, Format Version 12.00
# Visual Studio Version 17
VisualStudioVersion = 17.7.34018.315
MinimumVisualStudioVersion = 10.0.40219.1
Project("{2150E333-8FDC-42A3-9474-1A3956D46DE8}") = "API", "API", "{90B4124F-AF4C-47A3-BD3F-754101A5FAF9}"
EndProject
Project("{2150E333-8FDC-42A3-9474-1A3956D46DE8}") = "Application", "Application", "{F5B117B0-43BF-4A7D-8BC6-572491EAED06}"
EndProject
Project("{2150E333-8FDC-42A3-9474-1A3956D46DE8}") = "Tools", "Tools", "{DAFF931B-BD21-4040-AD4A-44AF68FD24A8}"
EndProject
Project("{2150E333-8FDC-42A3-9474-1A3956D46DE8}") = "MobileApp", "MobileApp", "{1761B937-2EA2-4F41-8C6B-204A7AFE3B1C}"
EndProject
Project("{2150E333-8FDC-42A3-9474-1A3956D46DE8}") = "WebApp", "WebApp", "{CF26BA79-A26B-461A-94DA-6467A99EB769}"
EndProject
Project("{9A19103F-16F7-4668-BE54-9A1E7A4F7556}") = "Services", "Application\Services\Services.csproj", "{D307CD15-90DE-45BA-92B7-81554AC3898E}"
EndProject
Project("{9A19103F-16F7-4668-BE54-9A1E7A4F7556}") = "EntityModels", "Application\EntityModels\EntityModels.csproj", "{45C6A4C2-E3BB-45B5-A271-09770D0D217B}"
EndProject
Project("{9A19103F-16F7-4668-BE54-9A1E7A4F7556}") = "ServicesTests.Tests", "Application\ServicesTests.Tests\ServicesTests.Tests.csproj", "{794C7053-4C6A-43EB-8FC7-A8B4A335729D}"
EndProject
Project("{9A19103F-16F7-4668-BE54-9A1E7A4F7556}") = "CryptographyTool", "Tools\CryptographyTool\CryptographyTool.csproj", "{B7C725A3-0D66-4174-9C7A-1B6A4F13EDAD}"
EndProject
Project("{9A19103F-16F7-4668-BE54-9A1E7A4F7556}") = "ArticleODataAPI", "API\ArticleODataAPI\ArticleODataAPI.csproj", "{C80B7E5F-BF71-4FC8-BBC6-D4AB2E307FD9}"
EndProject
Project("{9A19103F-16F7-4668-BE54-9A1E7A4F7556}") = "NewsMobileApp", "MobileApp\NewsMobileApp\NewsMobileApp.csproj", "{E12696BB-50DB-4BDB-84E3-7F2AC0E51E98}"
EndProject
Global
	GlobalSection(SolutionConfigurationPlatforms) = preSolution
		Debug|Any CPU = Debug|Any CPU
		Release|Any CPU = Release|Any CPU
	EndGlobalSection
	GlobalSection(ProjectConfigurationPlatforms) = postSolution
		{D307CD15-90DE-45BA-92B7-81554AC3898E}.Debug|Any CPU.ActiveCfg = Debug|Any CPU
		{D307CD15-90DE-45BA-92B7-81554AC3898E}.Debug|Any CPU.Build.0 = Debug|Any CPU
		{D307CD15-90DE-45BA-92B7-81554AC3898E}.Release|Any CPU.ActiveCfg = Release|Any CPU
		{D307CD15-90DE-45BA-92B7-81554AC3898E}.Release|Any CPU.Build.0 = Release|Any CPU
		{45C6A4C2-E3BB-45B5-A271-09770D0D217B}.Debug|Any CPU.ActiveCfg = Debug|Any CPU
		{45C6A4C2-E3BB-45B5-A271-09770D0D217B}.Debug|Any CPU.Build.0 = Debug|Any CPU
		{45C6A4C2-E3BB-45B5-A271-09770D0D217B}.Release|Any CPU.ActiveCfg = Release|Any CPU
		{45C6A4C2-E3BB-45B5-A271-09770D0D217B}.Release|Any CPU.Build.0 = Release|Any CPU
		{794C7053-4C6A-43EB-8FC7-A8B4A335729D}.Debug|Any CPU.ActiveCfg = Debug|Any CPU
		{794C7053-4C6A-43EB-8FC7-A8B4A335729D}.Debug|Any CPU.Build.0 = Debug|Any CPU
		{794C7053-4C6A-43EB-8FC7-A8B4A335729D}.Release|Any CPU.ActiveCfg = Release|Any CPU
		{794C7053-4C6A-43EB-8FC7-A8B4A335729D}.Release|Any CPU.Build.0 = Release|Any CPU
		{B7C725A3-0D66-4174-9C7A-1B6A4F13EDAD}.Debug|Any CPU.ActiveCfg = Debug|Any CPU
		{B7C725A3-0D66-4174-9C7A-1B6A4F13EDAD}.Debug|Any CPU.Build.0 = Debug|Any CPU
		{B7C725A3-0D66-4174-9C7A-1B6A4F13EDAD}.Release|Any CPU.ActiveCfg = Release|Any CPU
		{B7C725A3-0D66-4174-9C7A-1B6A4F13EDAD}.Release|Any CPU.Build.0 = Release|Any CPU
		{C80B7E5F-BF71-4FC8-BBC6-D4AB2E307FD9}.Debug|Any CPU.ActiveCfg = Debug|Any CPU
		{C80B7E5F-BF71-4FC8-BBC6-D4AB2E307FD9}.Debug|Any CPU.Build.0 = Debug|Any CPU
		{C80B7E5F-BF71-4FC8-BBC6-D4AB2E307FD9}.Release|Any CPU.ActiveCfg = Release|Any CPU
		{C80B7E5F-BF71-4FC8-BBC6-D4AB2E307FD9}.Release|Any CPU.Build.0 = Release|Any CPU
		{E12696BB-50DB-4BDB-84E3-7F2AC0E51E98}.Debug|Any CPU.ActiveCfg = Debug|Any CPU
		{E12696BB-50DB-4BDB-84E3-7F2AC0E51E98}.Debug|Any CPU.Build.0 = Debug|Any CPU
		{E12696BB-50DB-4BDB-84E3-7F2AC0E51E98}.Debug|Any CPU.Deploy.0 = Debug|Any CPU
		{E12696BB-50DB-4BDB-84E3-7F2AC0E51E98}.Release|Any CPU.ActiveCfg = Release|Any CPU
		{E12696BB-50DB-4BDB-84E3-7F2AC0E51E98}.Release|Any CPU.Build.0 = Release|Any CPU
		{E12696BB-50DB-4BDB-84E3-7F2AC0E51E98}.Release|Any CPU.Deploy.0 = Release|Any CPU
	EndGlobalSection
	GlobalSection(SolutionProperties) = preSolution
		HideSolutionNode = FALSE
	EndGlobalSection
	GlobalSection(NestedProjects) = preSolution
		{D307CD15-90DE-45BA-92B7-81554AC3898E} = {F5B117B0-43BF-4A7D-8BC6-572491EAED06}
		{45C6A4C2-E3BB-45B5-A271-09770D0D217B} = {F5B117B0-43BF-4A7D-8BC6-572491EAED06}
		{794C7053-4C6A-43EB-8FC7-A8B4A335729D} = {F5B117B0-43BF-4A7D-8BC6-572491EAED06}
		{B7C725A3-0D66-4174-9C7A-1B6A4F13EDAD} = {DAFF931B-BD21-4040-AD4A-44AF68FD24A8}
		{C80B7E5F-BF71-4FC8-BBC6-D4AB2E307FD9} = {90B4124F-AF4C-47A3-BD3F-754101A5FAF9}
		{E12696BB-50DB-4BDB-84E3-7F2AC0E51E98} = {1761B937-2EA2-4F41-8C6B-204A7AFE3B1C}
	EndGlobalSection
	GlobalSection(ExtensibilityGlobals) = postSolution
		SolutionGuid = {D0C1AC4C-B478-4F60-BEBE-A821F9DC1DDA}
	EndGlobalSection
EndGlobal
