
Microsoft Visual Studio Solution File, Format Version 12.00
# Visual Studio Version 17
VisualStudioVersion = 17.5.002.0
MinimumVisualStudioVersion = 10.0.40219.1
Project("{9A19103F-16F7-4668-BE54-9A1E7A4F7556}") = "ArticleODataAPI", "ArticleODataAPI.csproj", "{E5F0716C-5C03-4A5B-8852-B947E66A8CBB}"
EndProject
Global
	GlobalSection(SolutionConfigurationPlatforms) = preSolution
		Debug|Any CPU = Debug|Any CPU
		Release|Any CPU = Release|Any CPU
	EndGlobalSection
	GlobalSection(ProjectConfigurationPlatforms) = postSolution
		{E5F0716C-5C03-4A5B-8852-B947E66A8CBB}.Debug|Any CPU.ActiveCfg = Debug|Any CPU
		{E5F0716C-5C03-4A5B-8852-B947E66A8CBB}.Debug|Any CPU.Build.0 = Debug|Any CPU
		{E5F0716C-5C03-4A5B-8852-B947E66A8CBB}.Release|Any CPU.ActiveCfg = Release|Any CPU
		{E5F0716C-5C03-4A5B-8852-B947E66A8CBB}.Release|Any CPU.Build.0 = Release|Any CPU
	EndGlobalSection
	GlobalSection(SolutionProperties) = preSolution
		HideSolutionNode = FALSE
	EndGlobalSection
	GlobalSection(ExtensibilityGlobals) = postSolution
		SolutionGuid = {336A1614-DB08-47B1-9CBA-CBB4B8929303}
	EndGlobalSection
EndGlobal
